// !$*UTF8*$!
{
	archiveVersion = 1;
	classes = {
	};
	objectVersion = 52;
	objects = {

/* Begin PBXBuildFile section */
		3A0C9D0A231CAE0A001E1157 /* PostPlayingOverlay.swift in Sources */ = {isa = PBXBuildFile; fileRef = 3A0C9D09231CAE0A001E1157 /* PostPlayingOverlay.swift */; };
		3A3354E723DF84DD0025AA4D /* Recording.swift in Sources */ = {isa = PBXBuildFile; fileRef = 3A3354E623DF84DD0025AA4D /* Recording.swift */; };
		3A4F5BBE2314C94E007A5D48 /* ProfileView.swift in Sources */ = {isa = PBXBuildFile; fileRef = 3A4F5BBD2314C94E007A5D48 /* ProfileView.swift */; };
		3A4F5BC02314C9B4007A5D48 /* NewPostView.swift in Sources */ = {isa = PBXBuildFile; fileRef = 3A4F5BBF2314C9B4007A5D48 /* NewPostView.swift */; };
		3A4F5BC22314CA25007A5D48 /* SoundBite.swift in Sources */ = {isa = PBXBuildFile; fileRef = 3A4F5BC12314CA25007A5D48 /* SoundBite.swift */; };
		3A4F5BC42314F084007A5D48 /* Post.swift in Sources */ = {isa = PBXBuildFile; fileRef = 3A4F5BC32314F084007A5D48 /* Post.swift */; };
		3AA28ED52314639800F21579 /* AppDelegate.swift in Sources */ = {isa = PBXBuildFile; fileRef = 3AA28ED42314639800F21579 /* AppDelegate.swift */; };
		3AA28ED72314639800F21579 /* SceneDelegate.swift in Sources */ = {isa = PBXBuildFile; fileRef = 3AA28ED62314639800F21579 /* SceneDelegate.swift */; };
		3AA28ED92314639800F21579 /* ContentView.swift in Sources */ = {isa = PBXBuildFile; fileRef = 3AA28ED82314639800F21579 /* ContentView.swift */; };
		3AA28EDB2314639A00F21579 /* Assets.xcassets in Resources */ = {isa = PBXBuildFile; fileRef = 3AA28EDA2314639A00F21579 /* Assets.xcassets */; };
		3AA28EDE2314639A00F21579 /* Preview Assets.xcassets in Resources */ = {isa = PBXBuildFile; fileRef = 3AA28EDD2314639A00F21579 /* Preview Assets.xcassets */; };
		3AA28EE12314639A00F21579 /* LaunchScreen.storyboard in Resources */ = {isa = PBXBuildFile; fileRef = 3AA28EDF2314639A00F21579 /* LaunchScreen.storyboard */; };
		3AA28EEC2314639A00F21579 /* Sound_BytesTests.swift in Sources */ = {isa = PBXBuildFile; fileRef = 3AA28EEB2314639A00F21579 /* Sound_BytesTests.swift */; };
		3AA28EF72314639A00F21579 /* Sound_BytesUITests.swift in Sources */ = {isa = PBXBuildFile; fileRef = 3AA28EF62314639A00F21579 /* Sound_BytesUITests.swift */; };
		3AC63C0A231E0FDD002D24E7 /* test.mp3 in Resources */ = {isa = PBXBuildFile; fileRef = 3AC63C09231E0FDD002D24E7 /* test.mp3 */; };
		3ACE6D472439A67700C5BE1A /* AudioController.swift in Sources */ = {isa = PBXBuildFile; fileRef = 3ACE6D462439A67700C5BE1A /* AudioController.swift */; };
		3AE259B32437036F00F243AE /* Extensions.swift in Sources */ = {isa = PBXBuildFile; fileRef = 3AE259B22437036F00F243AE /* Extensions.swift */; };
		3AE259B72437178E00F243AE /* RecordingRowView.swift in Sources */ = {isa = PBXBuildFile; fileRef = 3AE259B62437178E00F243AE /* RecordingRowView.swift */; };
/* End PBXBuildFile section */

/* Begin PBXContainerItemProxy section */
		3AA28EE82314639A00F21579 /* PBXContainerItemProxy */ = {
			isa = PBXContainerItemProxy;
			containerPortal = 3AA28EC92314639800F21579 /* Project object */;
			proxyType = 1;
			remoteGlobalIDString = 3AA28ED02314639800F21579;
			remoteInfo = "Sound Bytes";
		};
		3AA28EF32314639A00F21579 /* PBXContainerItemProxy */ = {
			isa = PBXContainerItemProxy;
			containerPortal = 3AA28EC92314639800F21579 /* Project object */;
			proxyType = 1;
			remoteGlobalIDString = 3AA28ED02314639800F21579;
			remoteInfo = "Sound Bytes";
		};
/* End PBXContainerItemProxy section */

/* Begin PBXFileReference section */
		3A0C9D09231CAE0A001E1157 /* PostPlayingOverlay.swift */ = {isa = PBXFileReference; lastKnownFileType = sourcecode.swift; path = PostPlayingOverlay.swift; sourceTree = "<group>"; };
		3A3354E623DF84DD0025AA4D /* Recording.swift */ = {isa = PBXFileReference; lastKnownFileType = sourcecode.swift; path = Recording.swift; sourceTree = "<group>"; };
		3A4F5BBD2314C94E007A5D48 /* ProfileView.swift */ = {isa = PBXFileReference; lastKnownFileType = sourcecode.swift; path = ProfileView.swift; sourceTree = "<group>"; };
		3A4F5BBF2314C9B4007A5D48 /* NewPostView.swift */ = {isa = PBXFileReference; lastKnownFileType = sourcecode.swift; path = NewPostView.swift; sourceTree = "<group>"; };
		3A4F5BC12314CA25007A5D48 /* SoundBite.swift */ = {isa = PBXFileReference; lastKnownFileType = sourcecode.swift; path = SoundBite.swift; sourceTree = "<group>"; };
		3A4F5BC32314F084007A5D48 /* Post.swift */ = {isa = PBXFileReference; lastKnownFileType = sourcecode.swift; path = Post.swift; sourceTree = "<group>"; };
		3AA28ED12314639800F21579 /* Sound Bytes.app */ = {isa = PBXFileReference; explicitFileType = wrapper.application; includeInIndex = 0; path = "Sound Bytes.app"; sourceTree = BUILT_PRODUCTS_DIR; };
		3AA28ED42314639800F21579 /* AppDelegate.swift */ = {isa = PBXFileReference; lastKnownFileType = sourcecode.swift; path = AppDelegate.swift; sourceTree = "<group>"; };
		3AA28ED62314639800F21579 /* SceneDelegate.swift */ = {isa = PBXFileReference; lastKnownFileType = sourcecode.swift; path = SceneDelegate.swift; sourceTree = "<group>"; };
		3AA28ED82314639800F21579 /* ContentView.swift */ = {isa = PBXFileReference; lastKnownFileType = sourcecode.swift; path = ContentView.swift; sourceTree = "<group>"; };
		3AA28EDA2314639A00F21579 /* Assets.xcassets */ = {isa = PBXFileReference; lastKnownFileType = folder.assetcatalog; path = Assets.xcassets; sourceTree = "<group>"; };
		3AA28EDD2314639A00F21579 /* Preview Assets.xcassets */ = {isa = PBXFileReference; lastKnownFileType = folder.assetcatalog; path = "Preview Assets.xcassets"; sourceTree = "<group>"; };
		3AA28EE02314639A00F21579 /* Base */ = {isa = PBXFileReference; lastKnownFileType = file.storyboard; name = Base; path = Base.lproj/LaunchScreen.storyboard; sourceTree = "<group>"; };
		3AA28EE22314639A00F21579 /* Info.plist */ = {isa = PBXFileReference; lastKnownFileType = text.plist.xml; path = Info.plist; sourceTree = "<group>"; };
		3AA28EE72314639A00F21579 /* Sound BytesTests.xctest */ = {isa = PBXFileReference; explicitFileType = wrapper.cfbundle; includeInIndex = 0; path = "Sound BytesTests.xctest"; sourceTree = BUILT_PRODUCTS_DIR; };
		3AA28EEB2314639A00F21579 /* Sound_BytesTests.swift */ = {isa = PBXFileReference; lastKnownFileType = sourcecode.swift; path = Sound_BytesTests.swift; sourceTree = "<group>"; };
		3AA28EED2314639A00F21579 /* Info.plist */ = {isa = PBXFileReference; lastKnownFileType = text.plist.xml; path = Info.plist; sourceTree = "<group>"; };
		3AA28EF22314639A00F21579 /* Sound BytesUITests.xctest */ = {isa = PBXFileReference; explicitFileType = wrapper.cfbundle; includeInIndex = 0; path = "Sound BytesUITests.xctest"; sourceTree = BUILT_PRODUCTS_DIR; };
		3AA28EF62314639A00F21579 /* Sound_BytesUITests.swift */ = {isa = PBXFileReference; lastKnownFileType = sourcecode.swift; path = Sound_BytesUITests.swift; sourceTree = "<group>"; };
		3AA28EF82314639A00F21579 /* Info.plist */ = {isa = PBXFileReference; lastKnownFileType = text.plist.xml; path = Info.plist; sourceTree = "<group>"; };
		3AC63C04231DFE03002D24E7 /* AVFoundation.framework */ = {isa = PBXFileReference; lastKnownFileType = wrapper.framework; name = AVFoundation.framework; path = System/Library/Frameworks/AVFoundation.framework; sourceTree = SDKROOT; };
		3AC63C09231E0FDD002D24E7 /* test.mp3 */ = {isa = PBXFileReference; lastKnownFileType = audio.mp3; name = test.mp3; path = "Sound Bytes/test.mp3"; sourceTree = SOURCE_ROOT; };
		3ACE6D462439A67700C5BE1A /* AudioController.swift */ = {isa = PBXFileReference; lastKnownFileType = sourcecode.swift; path = AudioController.swift; sourceTree = "<group>"; };
		3AE259B22437036F00F243AE /* Extensions.swift */ = {isa = PBXFileReference; lastKnownFileType = sourcecode.swift; path = Extensions.swift; sourceTree = "<group>"; };
		3AE259B62437178E00F243AE /* RecordingRowView.swift */ = {isa = PBXFileReference; lastKnownFileType = sourcecode.swift; path = RecordingRowView.swift; sourceTree = "<group>"; };
		3AF11124243A9BFB00B920CA /* Sound Bytes.entitlements */ = {isa = PBXFileReference; lastKnownFileType = text.plist.entitlements; path = "Sound Bytes.entitlements"; sourceTree = "<group>"; };
/* End PBXFileReference section */

/* Begin PBXFrameworksBuildPhase section */
		3AA28ECE2314639800F21579 /* Frameworks */ = {
			isa = PBXFrameworksBuildPhase;
			buildActionMask = 2147483647;
			files = (
			);
			runOnlyForDeploymentPostprocessing = 0;
		};
		3AA28EE42314639A00F21579 /* Frameworks */ = {
			isa = PBXFrameworksBuildPhase;
			buildActionMask = 2147483647;
			files = (
			);
			runOnlyForDeploymentPostprocessing = 0;
		};
		3AA28EEF2314639A00F21579 /* Frameworks */ = {
			isa = PBXFrameworksBuildPhase;
			buildActionMask = 2147483647;
			files = (
			);
			runOnlyForDeploymentPostprocessing = 0;
		};
/* End PBXFrameworksBuildPhase section */

/* Begin PBXGroup section */
		3AA28EC82314639800F21579 = {
			isa = PBXGroup;
			children = (
				3AA28ED32314639800F21579 /* Sound Bytes */,
				3AA28EEA2314639A00F21579 /* Sound BytesTests */,
				3AA28EF52314639A00F21579 /* Sound BytesUITests */,
				3AA28ED22314639800F21579 /* Products */,
				3AC63C03231DFE02002D24E7 /* Frameworks */,
			);
			sourceTree = "<group>";
		};
		3AA28ED22314639800F21579 /* Products */ = {
			isa = PBXGroup;
			children = (
				3AA28ED12314639800F21579 /* Sound Bytes.app */,
				3AA28EE72314639A00F21579 /* Sound BytesTests.xctest */,
				3AA28EF22314639A00F21579 /* Sound BytesUITests.xctest */,
			);
			name = Products;
			sourceTree = "<group>";
		};
		3AA28ED32314639800F21579 /* Sound Bytes */ = {
			isa = PBXGroup;
			children = (
				3AF11124243A9BFB00B920CA /* Sound Bytes.entitlements */,
				3AA28ED42314639800F21579 /* AppDelegate.swift */,
				3AA28ED62314639800F21579 /* SceneDelegate.swift */,
				3AA28ED82314639800F21579 /* ContentView.swift */,
				3A4F5BC32314F084007A5D48 /* Post.swift */,
				3A0C9D09231CAE0A001E1157 /* PostPlayingOverlay.swift */,
				3A4F5BC12314CA25007A5D48 /* SoundBite.swift */,
				3A4F5BBF2314C9B4007A5D48 /* NewPostView.swift */,
				3AE259B62437178E00F243AE /* RecordingRowView.swift */,
				3ACE6D462439A67700C5BE1A /* AudioController.swift */,
				3AE259B22437036F00F243AE /* Extensions.swift */,
				3A3354E623DF84DD0025AA4D /* Recording.swift */,
				3A4F5BBD2314C94E007A5D48 /* ProfileView.swift */,
				3AA28EDA2314639A00F21579 /* Assets.xcassets */,
				3AA28EDF2314639A00F21579 /* LaunchScreen.storyboard */,
				3AA28EE22314639A00F21579 /* Info.plist */,
				3AC63C09231E0FDD002D24E7 /* test.mp3 */,
				3AA28EDC2314639A00F21579 /* Preview Content */,
			);
			path = "Sound Bytes";
			sourceTree = "<group>";
		};
		3AA28EDC2314639A00F21579 /* Preview Content */ = {
			isa = PBXGroup;
			children = (
				3AA28EDD2314639A00F21579 /* Preview Assets.xcassets */,
			);
			path = "Preview Content";
			sourceTree = "<group>";
		};
		3AA28EEA2314639A00F21579 /* Sound BytesTests */ = {
			isa = PBXGroup;
			children = (
				3AA28EEB2314639A00F21579 /* Sound_BytesTests.swift */,
				3AA28EED2314639A00F21579 /* Info.plist */,
			);
			path = "Sound BytesTests";
			sourceTree = "<group>";
		};
		3AA28EF52314639A00F21579 /* Sound BytesUITests */ = {
			isa = PBXGroup;
			children = (
				3AA28EF62314639A00F21579 /* Sound_BytesUITests.swift */,
				3AA28EF82314639A00F21579 /* Info.plist */,
			);
			path = "Sound BytesUITests";
			sourceTree = "<group>";
		};
		3AC63C03231DFE02002D24E7 /* Frameworks */ = {
			isa = PBXGroup;
			children = (
				3AC63C04231DFE03002D24E7 /* AVFoundation.framework */,
			);
			name = Frameworks;
			sourceTree = "<group>";
		};
/* End PBXGroup section */

/* Begin PBXNativeTarget section */
		3AA28ED02314639800F21579 /* Sound Bytes */ = {
			isa = PBXNativeTarget;
			buildConfigurationList = 3AA28EFB2314639A00F21579 /* Build configuration list for PBXNativeTarget "Sound Bytes" */;
			buildPhases = (
				3AA28ECD2314639800F21579 /* Sources */,
				3AA28ECE2314639800F21579 /* Frameworks */,
				3AA28ECF2314639800F21579 /* Resources */,
			);
			buildRules = (
			);
			dependencies = (
			);
			name = "Sound Bytes";
			productName = "Sound Bytes";
			productReference = 3AA28ED12314639800F21579 /* Sound Bytes.app */;
			productType = "com.apple.product-type.application";
		};
		3AA28EE62314639A00F21579 /* Sound BytesTests */ = {
			isa = PBXNativeTarget;
			buildConfigurationList = 3AA28EFE2314639A00F21579 /* Build configuration list for PBXNativeTarget "Sound BytesTests" */;
			buildPhases = (
				3AA28EE32314639A00F21579 /* Sources */,
				3AA28EE42314639A00F21579 /* Frameworks */,
				3AA28EE52314639A00F21579 /* Resources */,
			);
			buildRules = (
			);
			dependencies = (
				3AA28EE92314639A00F21579 /* PBXTargetDependency */,
			);
			name = "Sound BytesTests";
			productName = "Sound BytesTests";
			productReference = 3AA28EE72314639A00F21579 /* Sound BytesTests.xctest */;
			productType = "com.apple.product-type.bundle.unit-test";
		};
		3AA28EF12314639A00F21579 /* Sound BytesUITests */ = {
			isa = PBXNativeTarget;
			buildConfigurationList = 3AA28F012314639A00F21579 /* Build configuration list for PBXNativeTarget "Sound BytesUITests" */;
			buildPhases = (
				3AA28EEE2314639A00F21579 /* Sources */,
				3AA28EEF2314639A00F21579 /* Frameworks */,
				3AA28EF02314639A00F21579 /* Resources */,
			);
			buildRules = (
			);
			dependencies = (
				3AA28EF42314639A00F21579 /* PBXTargetDependency */,
			);
			name = "Sound BytesUITests";
			productName = "Sound BytesUITests";
			productReference = 3AA28EF22314639A00F21579 /* Sound BytesUITests.xctest */;
			productType = "com.apple.product-type.bundle.ui-testing";
		};
/* End PBXNativeTarget section */

/* Begin PBXProject section */
		3AA28EC92314639800F21579 /* Project object */ = {
			isa = PBXProject;
			attributes = {
				LastSwiftUpdateCheck = 1100;
				LastUpgradeCheck = 1100;
				ORGANIZATIONNAME = "Hager Family";
				TargetAttributes = {
					3AA28ED02314639800F21579 = {
						CreatedOnToolsVersion = 11.0;
					};
					3AA28EE62314639A00F21579 = {
						CreatedOnToolsVersion = 11.0;
						TestTargetID = 3AA28ED02314639800F21579;
					};
					3AA28EF12314639A00F21579 = {
						CreatedOnToolsVersion = 11.0;
						TestTargetID = 3AA28ED02314639800F21579;
					};
				};
			};
			buildConfigurationList = 3AA28ECC2314639800F21579 /* Build configuration list for PBXProject "Sound Bytes" */;
			compatibilityVersion = "Xcode 11.0";
			developmentRegion = en;
			hasScannedForEncodings = 0;
			knownRegions = (
				en,
				Base,
			);
			mainGroup = 3AA28EC82314639800F21579;
			productRefGroup = 3AA28ED22314639800F21579 /* Products */;
			projectDirPath = "";
			projectRoot = "";
			targets = (
				3AA28ED02314639800F21579 /* Sound Bytes */,
				3AA28EE62314639A00F21579 /* Sound BytesTests */,
				3AA28EF12314639A00F21579 /* Sound BytesUITests */,
			);
		};
/* End PBXProject section */

/* Begin PBXResourcesBuildPhase section */
		3AA28ECF2314639800F21579 /* Resources */ = {
			isa = PBXResourcesBuildPhase;
			buildActionMask = 2147483647;
			files = (
				3AA28EE12314639A00F21579 /* LaunchScreen.storyboard in Resources */,
				3AA28EDE2314639A00F21579 /* Preview Assets.xcassets in Resources */,
				3AC63C0A231E0FDD002D24E7 /* test.mp3 in Resources */,
				3AA28EDB2314639A00F21579 /* Assets.xcassets in Resources */,
			);
			runOnlyForDeploymentPostprocessing = 0;
		};
		3AA28EE52314639A00F21579 /* Resources */ = {
			isa = PBXResourcesBuildPhase;
			buildActionMask = 2147483647;
			files = (
			);
			runOnlyForDeploymentPostprocessing = 0;
		};
		3AA28EF02314639A00F21579 /* Resources */ = {
			isa = PBXResourcesBuildPhase;
			buildActionMask = 2147483647;
			files = (
			);
			runOnlyForDeploymentPostprocessing = 0;
		};
/* End PBXResourcesBuildPhase section */

/* Begin PBXSourcesBuildPhase section */
		3AA28ECD2314639800F21579 /* Sources */ = {
			isa = PBXSourcesBuildPhase;
			buildActionMask = 2147483647;
			files = (
				3A4F5BBE2314C94E007A5D48 /* ProfileView.swift in Sources */,
				3AA28ED52314639800F21579 /* AppDelegate.swift in Sources */,
				3AE259B72437178E00F243AE /* RecordingRowView.swift in Sources */,
				3AA28ED72314639800F21579 /* SceneDelegate.swift in Sources */,
				3A4F5BC22314CA25007A5D48 /* SoundBite.swift in Sources */,
				3ACE6D472439A67700C5BE1A /* AudioController.swift in Sources */,
				3AA28ED92314639800F21579 /* ContentView.swift in Sources */,
				3A4F5BC42314F084007A5D48 /* Post.swift in Sources */,
				3AE259B32437036F00F243AE /* Extensions.swift in Sources */,
				3A4F5BC02314C9B4007A5D48 /* NewPostView.swift in Sources */,
				3A0C9D0A231CAE0A001E1157 /* PostPlayingOverlay.swift in Sources */,
				3A3354E723DF84DD0025AA4D /* Recording.swift in Sources */,
			);
			runOnlyForDeploymentPostprocessing = 0;
		};
		3AA28EE32314639A00F21579 /* Sources */ = {
			isa = PBXSourcesBuildPhase;
			buildActionMask = 2147483647;
			files = (
				3AA28EEC2314639A00F21579 /* Sound_BytesTests.swift in Sources */,
			);
			runOnlyForDeploymentPostprocessing = 0;
		};
		3AA28EEE2314639A00F21579 /* Sources */ = {
			isa = PBXSourcesBuildPhase;
			buildActionMask = 2147483647;
			files = (
				3AA28EF72314639A00F21579 /* Sound_BytesUITests.swift in Sources */,
			);
			runOnlyForDeploymentPostprocessing = 0;
		};
/* End PBXSourcesBuildPhase section */

/* Begin PBXTargetDependency section */
		3AA28EE92314639A00F21579 /* PBXTargetDependency */ = {
			isa = PBXTargetDependency;
			target = 3AA28ED02314639800F21579 /* Sound Bytes */;
			targetProxy = 3AA28EE82314639A00F21579 /* PBXContainerItemProxy */;
		};
		3AA28EF42314639A00F21579 /* PBXTargetDependency */ = {
			isa = PBXTargetDependency;
			target = 3AA28ED02314639800F21579 /* Sound Bytes */;
			targetProxy = 3AA28EF32314639A00F21579 /* PBXContainerItemProxy */;
		};
/* End PBXTargetDependency section */

/* Begin PBXVariantGroup section */
		3AA28EDF2314639A00F21579 /* LaunchScreen.storyboard */ = {
			isa = PBXVariantGroup;
			children = (
				3AA28EE02314639A00F21579 /* Base */,
			);
			name = LaunchScreen.storyboard;
			sourceTree = "<group>";
		};
/* End PBXVariantGroup section */

/* Begin XCBuildConfiguration section */
		3AA28EF92314639A00F21579 /* Debug */ = {
			isa = XCBuildConfiguration;
			buildSettings = {
				ALWAYS_SEARCH_USER_PATHS = NO;
				CLANG_ANALYZER_NONNULL = YES;
				CLANG_ANALYZER_NUMBER_OBJECT_CONVERSION = YES_AGGRESSIVE;
				CLANG_CXX_LANGUAGE_STANDARD = "gnu++14";
				CLANG_CXX_LIBRARY = "libc++";
				CLANG_ENABLE_MODULES = YES;
				CLANG_ENABLE_OBJC_ARC = YES;
				CLANG_ENABLE_OBJC_WEAK = YES;
				CLANG_WARN_BLOCK_CAPTURE_AUTORELEASING = YES;
				CLANG_WARN_BOOL_CONVERSION = YES;
				CLANG_WARN_COMMA = YES;
				CLANG_WARN_CONSTANT_CONVERSION = YES;
				CLANG_WARN_DEPRECATED_OBJC_IMPLEMENTATIONS = YES;
				CLANG_WARN_DIRECT_OBJC_ISA_USAGE = YES_ERROR;
				CLANG_WARN_DOCUMENTATION_COMMENTS = YES;
				CLANG_WARN_EMPTY_BODY = YES;
				CLANG_WARN_ENUM_CONVERSION = YES;
				CLANG_WARN_INFINITE_RECURSION = YES;
				CLANG_WARN_INT_CONVERSION = YES;
				CLANG_WARN_NON_LITERAL_NULL_CONVERSION = YES;
				CLANG_WARN_OBJC_IMPLICIT_RETAIN_SELF = YES;
				CLANG_WARN_OBJC_LITERAL_CONVERSION = YES;
				CLANG_WARN_OBJC_ROOT_CLASS = YES_ERROR;
				CLANG_WARN_RANGE_LOOP_ANALYSIS = YES;
				CLANG_WARN_STRICT_PROTOTYPES = YES;
				CLANG_WARN_SUSPICIOUS_MOVE = YES;
				CLANG_WARN_UNGUARDED_AVAILABILITY = YES_AGGRESSIVE;
				CLANG_WARN_UNREACHABLE_CODE = YES;
				CLANG_WARN__DUPLICATE_METHOD_MATCH = YES;
				COPY_PHASE_STRIP = NO;
				DEBUG_INFORMATION_FORMAT = dwarf;
				ENABLE_STRICT_OBJC_MSGSEND = YES;
				ENABLE_TESTABILITY = YES;
				GCC_C_LANGUAGE_STANDARD = gnu11;
				GCC_DYNAMIC_NO_PIC = NO;
				GCC_NO_COMMON_BLOCKS = YES;
				GCC_OPTIMIZATION_LEVEL = 0;
				GCC_PREPROCESSOR_DEFINITIONS = (
					"DEBUG=1",
					"$(inherited)",
				);
				GCC_WARN_64_TO_32_BIT_CONVERSION = YES;
				GCC_WARN_ABOUT_RETURN_TYPE = YES_ERROR;
				GCC_WARN_UNDECLARED_SELECTOR = YES;
				GCC_WARN_UNINITIALIZED_AUTOS = YES_AGGRESSIVE;
				GCC_WARN_UNUSED_FUNCTION = YES;
				GCC_WARN_UNUSED_VARIABLE = YES;
				IPHONEOS_DEPLOYMENT_TARGET = 13.0;
				MTL_ENABLE_DEBUG_INFO = INCLUDE_SOURCE;
				MTL_FAST_MATH = YES;
				ONLY_ACTIVE_ARCH = YES;
				SDKROOT = iphoneos;
				SWIFT_ACTIVE_COMPILATION_CONDITIONS = DEBUG;
				SWIFT_OPTIMIZATION_LEVEL = "-Onone";
			};
			name = Debug;
		};
		3AA28EFA2314639A00F21579 /* Release */ = {
			isa = XCBuildConfiguration;
			buildSettings = {
				ALWAYS_SEARCH_USER_PATHS = NO;
				CLANG_ANALYZER_NONNULL = YES;
				CLANG_ANALYZER_NUMBER_OBJECT_CONVERSION = YES_AGGRESSIVE;
				CLANG_CXX_LANGUAGE_STANDARD = "gnu++14";
				CLANG_CXX_LIBRARY = "libc++";
				CLANG_ENABLE_MODULES = YES;
				CLANG_ENABLE_OBJC_ARC = YES;
				CLANG_ENABLE_OBJC_WEAK = YES;
				CLANG_WARN_BLOCK_CAPTURE_AUTORELEASING = YES;
				CLANG_WARN_BOOL_CONVERSION = YES;
				CLANG_WARN_COMMA = YES;
				CLANG_WARN_CONSTANT_CONVERSION = YES;
				CLANG_WARN_DEPRECATED_OBJC_IMPLEMENTATIONS = YES;
				CLANG_WARN_DIRECT_OBJC_ISA_USAGE = YES_ERROR;
				CLANG_WARN_DOCUMENTATION_COMMENTS = YES;
				CLANG_WARN_EMPTY_BODY = YES;
				CLANG_WARN_ENUM_CONVERSION = YES;
				CLANG_WARN_INFINITE_RECURSION = YES;
				CLANG_WARN_INT_CONVERSION = YES;
				CLANG_WARN_NON_LITERAL_NULL_CONVERSION = YES;
				CLANG_WARN_OBJC_IMPLICIT_RETAIN_SELF = YES;
				CLANG_WARN_OBJC_LITERAL_CONVERSION = YES;
				CLANG_WARN_OBJC_ROOT_CLASS = YES_ERROR;
				CLANG_WARN_RANGE_LOOP_ANALYSIS = YES;
				CLANG_WARN_STRICT_PROTOTYPES = YES;
				CLANG_WARN_SUSPICIOUS_MOVE = YES;
				CLANG_WARN_UNGUARDED_AVAILABILITY = YES_AGGRESSIVE;
				CLANG_WARN_UNREACHABLE_CODE = YES;
				CLANG_WARN__DUPLICATE_METHOD_MATCH = YES;
				COPY_PHASE_STRIP = NO;
				DEBUG_INFORMATION_FORMAT = "dwarf-with-dsym";
				ENABLE_NS_ASSERTIONS = NO;
				ENABLE_STRICT_OBJC_MSGSEND = YES;
				GCC_C_LANGUAGE_STANDARD = gnu11;
				GCC_NO_COMMON_BLOCKS = YES;
				GCC_WARN_64_TO_32_BIT_CONVERSION = YES;
				GCC_WARN_ABOUT_RETURN_TYPE = YES_ERROR;
				GCC_WARN_UNDECLARED_SELECTOR = YES;
				GCC_WARN_UNINITIALIZED_AUTOS = YES_AGGRESSIVE;
				GCC_WARN_UNUSED_FUNCTION = YES;
				GCC_WARN_UNUSED_VARIABLE = YES;
				IPHONEOS_DEPLOYMENT_TARGET = 13.0;
				MTL_ENABLE_DEBUG_INFO = NO;
				MTL_FAST_MATH = YES;
				SDKROOT = iphoneos;
				SWIFT_COMPILATION_MODE = wholemodule;
				SWIFT_OPTIMIZATION_LEVEL = "-O";
				VALIDATE_PRODUCT = YES;
			};
			name = Release;
		};
		3AA28EFC2314639A00F21579 /* Debug */ = {
			isa = XCBuildConfiguration;
			buildSettings = {
				ASSETCATALOG_COMPILER_APPICON_NAME = AppIcon;
				CODE_SIGN_ENTITLEMENTS = "Sound Bytes/Sound Bytes.entitlements";
				CODE_SIGN_STYLE = Automatic;
				DEVELOPMENT_ASSET_PATHS = "\"Sound Bytes\"/Preview\\ Content";
				DEVELOPMENT_TEAM = 5848T4UAX9;
				ENABLE_PREVIEWS = YES;
				INFOPLIST_FILE = "Sound Bytes/Info.plist";
				LD_RUNPATH_SEARCH_PATHS = (
					"$(inherited)",
					"@executable_path/Frameworks",
				);
				PRODUCT_BUNDLE_IDENTIFIER = "hagerfamily.Sound-Bytes";
				PRODUCT_NAME = "$(TARGET_NAME)";
				SWIFT_VERSION = 5.0;
				TARGETED_DEVICE_FAMILY = 1;
			};
			name = Debug;
		};
		3AA28EFD2314639A00F21579 /* Release */ = {
			isa = XCBuildConfiguration;
			buildSettings = {
				ASSETCATALOG_COMPILER_APPICON_NAME = AppIcon;
				CODE_SIGN_ENTITLEMENTS = "Sound Bytes/Sound Bytes.entitlements";
				CODE_SIGN_STYLE = Automatic;
				DEVELOPMENT_ASSET_PATHS = "\"Sound Bytes\"/Preview\\ Content";
				DEVELOPMENT_TEAM = 5848T4UAX9;
				ENABLE_PREVIEWS = YES;
				INFOPLIST_FILE = "Sound Bytes/Info.plist";
				LD_RUNPATH_SEARCH_PATHS = (
					"$(inherited)",
					"@executable_path/Frameworks",
				);
				PRODUCT_BUNDLE_IDENTIFIER = "hagerfamily.Sound-Bytes";
				PRODUCT_NAME = "$(TARGET_NAME)";
				SWIFT_VERSION = 5.0;
				TARGETED_DEVICE_FAMILY = 1;
			};
			name = Release;
		};
		3AA28EFF2314639A00F21579 /* Debug */ = {
			isa = XCBuildConfiguration;
			buildSettings = {
				ALWAYS_EMBED_SWIFT_STANDARD_LIBRARIES = YES;
				BUNDLE_LOADER = "$(TEST_HOST)";
				CODE_SIGN_STYLE = Automatic;
				DEVELOPMENT_TEAM = 5848T4UAX9;
				INFOPLIST_FILE = "Sound BytesTests/Info.plist";
				LD_RUNPATH_SEARCH_PATHS = (
					"$(inherited)",
					"@executable_path/Frameworks",
					"@loader_path/Frameworks",
				);
				PRODUCT_BUNDLE_IDENTIFIER = "hagerfamily.Sound-BytesTests";
				PRODUCT_NAME = "$(TARGET_NAME)";
				SWIFT_VERSION = 5.0;
				TARGETED_DEVICE_FAMILY = "1,2";
				TEST_HOST = "$(BUILT_PRODUCTS_DIR)/Sound Bytes.app/Sound Bytes";
			};
			name = Debug;
		};
		3AA28F002314639A00F21579 /* Release */ = {
			isa = XCBuildConfiguration;
			buildSettings = {
				ALWAYS_EMBED_SWIFT_STANDARD_LIBRARIES = YES;
				BUNDLE_LOADER = "$(TEST_HOST)";
				CODE_SIGN_STYLE = Automatic;
				DEVELOPMENT_TEAM = 5848T4UAX9;
				INFOPLIST_FILE = "Sound BytesTests/Info.plist";
				LD_RUNPATH_SEARCH_PATHS = (
					"$(inherited)",
					"@executable_path/Frameworks",
					"@loader_path/Frameworks",
				);
				PRODUCT_BUNDLE_IDENTIFIER = "hagerfamily.Sound-BytesTests";
				PRODUCT_NAME = "$(TARGET_NAME)";
				SWIFT_VERSION = 5.0;
				TARGETED_DEVICE_FAMILY = "1,2";
				TEST_HOST = "$(BUILT_PRODUCTS_DIR)/Sound Bytes.app/Sound Bytes";
			};
			name = Release;
		};
		3AA28F022314639A00F21579 /* Debug */ = {
			isa = XCBuildConfiguration;
			buildSettings = {
				ALWAYS_EMBED_SWIFT_STANDARD_LIBRARIES = YES;
				CODE_SIGN_STYLE = Automatic;
				DEVELOPMENT_TEAM = 5848T4UAX9;
				INFOPLIST_FILE = "Sound BytesUITests/Info.plist";
				LD_RUNPATH_SEARCH_PATHS = (
					"$(inherited)",
					"@executable_path/Frameworks",
					"@loader_path/Frameworks",
				);
				PRODUCT_BUNDLE_IDENTIFIER = "hagerfamily.Sound-BytesUITests";
				PRODUCT_NAME = "$(TARGET_NAME)";
				SWIFT_VERSION = 5.0;
				TARGETED_DEVICE_FAMILY = "1,2";
				TEST_TARGET_NAME = "Sound Bytes";
			};
			name = Debug;
		};
		3AA28F032314639A00F21579 /* Release */ = {
			isa = XCBuildConfiguration;
			buildSettings = {
				ALWAYS_EMBED_SWIFT_STANDARD_LIBRARIES = YES;
				CODE_SIGN_STYLE = Automatic;
				DEVELOPMENT_TEAM = 5848T4UAX9;
				INFOPLIST_FILE = "Sound BytesUITests/Info.plist";
				LD_RUNPATH_SEARCH_PATHS = (
					"$(inherited)",
					"@executable_path/Frameworks",
					"@loader_path/Frameworks",
				);
				PRODUCT_BUNDLE_IDENTIFIER = "hagerfamily.Sound-BytesUITests";
				PRODUCT_NAME = "$(TARGET_NAME)";
				SWIFT_VERSION = 5.0;
				TARGETED_DEVICE_FAMILY = "1,2";
				TEST_TARGET_NAME = "Sound Bytes";
			};
			name = Release;
		};
/* End XCBuildConfiguration section */

/* Begin XCConfigurationList section */
		3AA28ECC2314639800F21579 /* Build configuration list for PBXProject "Sound Bytes" */ = {
			isa = XCConfigurationList;
			buildConfigurations = (
				3AA28EF92314639A00F21579 /* Debug */,
				3AA28EFA2314639A00F21579 /* Release */,
			);
			defaultConfigurationIsVisible = 0;
			defaultConfigurationName = Release;
		};
		3AA28EFB2314639A00F21579 /* Build configuration list for PBXNativeTarget "Sound Bytes" */ = {
			isa = XCConfigurationList;
			buildConfigurations = (
				3AA28EFC2314639A00F21579 /* Debug */,
				3AA28EFD2314639A00F21579 /* Release */,
			);
			defaultConfigurationIsVisible = 0;
			defaultConfigurationName = Release;
		};
		3AA28EFE2314639A00F21579 /* Build configuration list for PBXNativeTarget "Sound BytesTests" */ = {
			isa = XCConfigurationList;
			buildConfigurations = (
				3AA28EFF2314639A00F21579 /* Debug */,
				3AA28F002314639A00F21579 /* Release */,
			);
			defaultConfigurationIsVisible = 0;
			defaultConfigurationName = Release;
		};
		3AA28F012314639A00F21579 /* Build configuration list for PBXNativeTarget "Sound BytesUITests" */ = {
			isa = XCConfigurationList;
			buildConfigurations = (
				3AA28F022314639A00F21579 /* Debug */,
				3AA28F032314639A00F21579 /* Release */,
			);
			defaultConfigurationIsVisible = 0;
			defaultConfigurationName = Release;
		};
/* End XCConfigurationList section */
	};
	rootObject = 3AA28EC92314639800F21579 /* Project object */;
}
